
Microsoft Visual Studio Solution File, Format Version 11.00
# Visual Studio 2010
Project("{8BC9CEB8-8B4A-11D0-8D11-00A0C91BC942}") = "q-bert", "q-bert.vcxproj", "{4310FCE1-C751-4C75-9337-8FE254CE063A}"
EndProject
Global
	GlobalSection(SolutionConfigurationPlatforms) = preSolution
		Debug|Win32 = Debug|Win32
		Release|Win32 = Release|Win32
	EndGlobalSection
	GlobalSection(ProjectConfigurationPlatforms) = postSolution
		{4310FCE1-C751-4C75-9337-8FE254CE063A}.Debug|Win32.ActiveCfg = Debug|Win32
		{4310FCE1-C751-4C75-9337-8FE254CE063A}.Debug|Win32.Build.0 = Debug|Win32
		{4310FCE1-C751-4C75-9337-8FE254CE063A}.Release|Win32.ActiveCfg = Release|Win32
		{4310FCE1-C751-4C75-9337-8FE254CE063A}.Release|Win32.Build.0 = Release|Win32
	EndGlobalSection
	GlobalSection(SolutionProperties) = preSolution
		HideSolutionNode = FALSE
	EndGlobalSection
EndGlobal
